
Microsoft Visual Studio Solution File, Format Version 12.00
# Visual Studio 15
VisualStudioVersion = 15.0.28307.136
MinimumVisualStudioVersion = 10.0.40219.1
Project("{FAE04EC0-301F-11D3-BF4B-00C04F79EFBC}") = "CalcLib", "Calculator\CalcLib.csproj", "{DC8ACF8C-516C-4908-B542-D7A2DC9EFA8F}"
EndProject
Project("{FAE04EC0-301F-11D3-BF4B-00C04F79EFBC}") = "Calculator.Tests", "Calculator.Tests\Calculator.Tests.csproj", "{B1DF475C-9D32-4C15-A7C5-65B232B5505F}"
EndProject
Project("{FAE04EC0-301F-11D3-BF4B-00C04F79EFBC}") = "CalcConsole", "CalcConsole\CalcConsole.csproj", "{14025A56-A00B-44F6-A623-28B1110F5BC2}"
EndProject
Project("{FAE04EC0-301F-11D3-BF4B-00C04F79EFBC}") = "CalculatorGUI", "CalculatorGUI\CalculatorGUI.csproj", "{FDA89317-9EF8-4399-80C1-F80744348A7C}"
EndProject
Global
	GlobalSection(SolutionConfigurationPlatforms) = preSolution
		Debug|Any CPU = Debug|Any CPU
		Release|Any CPU = Release|Any CPU
	EndGlobalSection
	GlobalSection(ProjectConfigurationPlatforms) = postSolution
		{DC8ACF8C-516C-4908-B542-D7A2DC9EFA8F}.Debug|Any CPU.ActiveCfg = Debug|Any CPU
		{DC8ACF8C-516C-4908-B542-D7A2DC9EFA8F}.Debug|Any CPU.Build.0 = Debug|Any CPU
		{DC8ACF8C-516C-4908-B542-D7A2DC9EFA8F}.Release|Any CPU.ActiveCfg = Release|Any CPU
		{DC8ACF8C-516C-4908-B542-D7A2DC9EFA8F}.Release|Any CPU.Build.0 = Release|Any CPU
		{B1DF475C-9D32-4C15-A7C5-65B232B5505F}.Debug|Any CPU.ActiveCfg = Debug|Any CPU
		{B1DF475C-9D32-4C15-A7C5-65B232B5505F}.Debug|Any CPU.Build.0 = Debug|Any CPU
		{B1DF475C-9D32-4C15-A7C5-65B232B5505F}.Release|Any CPU.ActiveCfg = Release|Any CPU
		{B1DF475C-9D32-4C15-A7C5-65B232B5505F}.Release|Any CPU.Build.0 = Release|Any CPU
		{14025A56-A00B-44F6-A623-28B1110F5BC2}.Debug|Any CPU.ActiveCfg = Debug|Any CPU
		{14025A56-A00B-44F6-A623-28B1110F5BC2}.Debug|Any CPU.Build.0 = Debug|Any CPU
		{14025A56-A00B-44F6-A623-28B1110F5BC2}.Release|Any CPU.ActiveCfg = Release|Any CPU
		{14025A56-A00B-44F6-A623-28B1110F5BC2}.Release|Any CPU.Build.0 = Release|Any CPU
		{FDA89317-9EF8-4399-80C1-F80744348A7C}.Debug|Any CPU.ActiveCfg = Debug|Any CPU
		{FDA89317-9EF8-4399-80C1-F80744348A7C}.Debug|Any CPU.Build.0 = Debug|Any CPU
		{FDA89317-9EF8-4399-80C1-F80744348A7C}.Release|Any CPU.ActiveCfg = Release|Any CPU
		{FDA89317-9EF8-4399-80C1-F80744348A7C}.Release|Any CPU.Build.0 = Release|Any CPU
	EndGlobalSection
	GlobalSection(SolutionProperties) = preSolution
		HideSolutionNode = FALSE
	EndGlobalSection
	GlobalSection(ExtensibilityGlobals) = postSolution
		SolutionGuid = {811DE706-1AF7-4FCB-A7D1-710663DDDBBB}
	EndGlobalSection
EndGlobal
